
Microsoft Visual Studio Solution File, Format Version 12.00
# Visual Studio Version 17
VisualStudioVersion = 17.5.002.0
MinimumVisualStudioVersion = 10.0.40219.1
Project("{9A19103F-16F7-4668-BE54-9A1E7A4F7556}") = "Exo.WebApi", "Exo.WebApi.csproj", "{37FDF06A-03F8-488E-BB4A-EFA40E6DA58B}"
EndProject
Global
	GlobalSection(SolutionConfigurationPlatforms) = preSolution
		Debug|Any CPU = Debug|Any CPU
		Release|Any CPU = Release|Any CPU
	EndGlobalSection
	GlobalSection(ProjectConfigurationPlatforms) = postSolution
		{37FDF06A-03F8-488E-BB4A-EFA40E6DA58B}.Debug|Any CPU.ActiveCfg = Debug|Any CPU
		{37FDF06A-03F8-488E-BB4A-EFA40E6DA58B}.Debug|Any CPU.Build.0 = Debug|Any CPU
		{37FDF06A-03F8-488E-BB4A-EFA40E6DA58B}.Release|Any CPU.ActiveCfg = Release|Any CPU
		{37FDF06A-03F8-488E-BB4A-EFA40E6DA58B}.Release|Any CPU.Build.0 = Release|Any CPU
	EndGlobalSection
	GlobalSection(SolutionProperties) = preSolution
		HideSolutionNode = FALSE
	EndGlobalSection
	GlobalSection(ExtensibilityGlobals) = postSolution
		SolutionGuid = {9E9F8DF5-476C-4FB9-BC60-E8DC86AB7570}
	EndGlobalSection
EndGlobal
